{
  "name": "ask-dex",
  "version": "1.0.0",
  "lockfileVersion": 3,
  "requires": true,
  "packages": {
    "": {
      "name": "ask-dex",
      "version": "1.0.0",
      "license": "ISC",
      "dependencies": {
        "humanlayer": "^0.7.4"
      }
    },
    "node_modules/humanlayer": {
      "version": "0.7.4",
      "resolved": "https://registry.npmjs.org/humanlayer/-/humanlayer-0.7.4.tgz",
      "integrity": "sha512-u7OLxKZX0bBdk0FQfNhArf1ONEQ++JQG08xXWWrrmHYXS+hq2SYeZGSHYuF6oDI2zkcSwu83ICqoYCZFnyN4bQ==",
      "license": "Apache-2.0"
    }
  }
}
